
Microsoft Visual Studio Solution File, Format Version 12.00
# Visual Studio Version 17
VisualStudioVersion = 17.0.31903.59
MinimumVisualStudioVersion = 10.0.40219.1
Project("{FAE04EC0-301F-11D3-BF4B-00C04F79EFBC}") = "CheckpointProdutos", "src\CheckpointProdutos\CheckpointProdutos.csproj", "{7A8AD569-21C4-4D98-B2E7-D1C4B2F23C20}"
EndProject
Project("{FAE04EC0-301F-11D3-BF4B-00C04F79EFBC}") = "CheckpointProdutos.Tests", "tests\CheckpointProdutos.Tests\CheckpointProdutos.Tests.csproj", "{4AF12597-E896-4764-B10D-1094CD3413D2}"
EndProject
Global
	GlobalSection(SolutionConfigurationPlatforms) = preSolution
		Debug|Any CPU = Debug|Any CPU
		Release|Any CPU = Release|Any CPU
	EndGlobalSection
	GlobalSection(ProjectConfigurationPlatforms) = postSolution
		{7A8AD569-21C4-4D98-B2E7-D1C4B2F23C20}.Debug|Any CPU.ActiveCfg = Debug|Any CPU
		{7A8AD569-21C4-4D98-B2E7-D1C4B2F23C20}.Debug|Any CPU.Build.0 = Debug|Any CPU
		{7A8AD569-21C4-4D98-B2E7-D1C4B2F23C20}.Release|Any CPU.ActiveCfg = Release|Any CPU
		{7A8AD569-21C4-4D98-B2E7-D1C4B2F23C20}.Release|Any CPU.Build.0 = Release|Any CPU
		{4AF12597-E896-4764-B10D-1094CD3413D2}.Debug|Any CPU.ActiveCfg = Debug|Any CPU
		{4AF12597-E896-4764-B10D-1094CD3413D2}.Debug|Any CPU.Build.0 = Debug|Any CPU
		{4AF12597-E896-4764-B10D-1094CD3413D2}.Release|Any CPU.ActiveCfg = Release|Any CPU
		{4AF12597-E896-4764-B10D-1094CD3413D2}.Release|Any CPU.Build.0 = Release|Any CPU
	EndGlobalSection
EndGlobal
